
Microsoft Visual Studio Solution File, Format Version 12.00
# Visual Studio Version 17
VisualStudioVersion = 17.5.002.0
MinimumVisualStudioVersion = 10.0.40219.1
Project("{9A19103F-16F7-4668-BE54-9A1E7A4F7556}") = "bank_App", "bankWebapi\bank_App.csproj", "{1601BEAE-4E5D-4BA7-AE76-0FF9F9958D96}"
EndProject
Project("{FAE04EC0-301F-11D3-BF4B-00C04F79EFBC}") = "BankProjectUnitTest", "BankProjectUnitTest\BankProjectUnitTest.csproj", "{BE4C5CC5-D4D3-428E-B71E-3793A955A005}"
EndProject
Global
	GlobalSection(SolutionConfigurationPlatforms) = preSolution
		Debug|Any CPU = Debug|Any CPU
		Release|Any CPU = Release|Any CPU
	EndGlobalSection
	GlobalSection(ProjectConfigurationPlatforms) = postSolution
		{1601BEAE-4E5D-4BA7-AE76-0FF9F9958D96}.Debug|Any CPU.ActiveCfg = Debug|Any CPU
		{1601BEAE-4E5D-4BA7-AE76-0FF9F9958D96}.Debug|Any CPU.Build.0 = Debug|Any CPU
		{1601BEAE-4E5D-4BA7-AE76-0FF9F9958D96}.Release|Any CPU.ActiveCfg = Release|Any CPU
		{1601BEAE-4E5D-4BA7-AE76-0FF9F9958D96}.Release|Any CPU.Build.0 = Release|Any CPU
		{BE4C5CC5-D4D3-428E-B71E-3793A955A005}.Debug|Any CPU.ActiveCfg = Debug|Any CPU
		{BE4C5CC5-D4D3-428E-B71E-3793A955A005}.Debug|Any CPU.Build.0 = Debug|Any CPU
		{BE4C5CC5-D4D3-428E-B71E-3793A955A005}.Release|Any CPU.ActiveCfg = Release|Any CPU
		{BE4C5CC5-D4D3-428E-B71E-3793A955A005}.Release|Any CPU.Build.0 = Release|Any CPU
	EndGlobalSection
	GlobalSection(SolutionProperties) = preSolution
		HideSolutionNode = FALSE
	EndGlobalSection
	GlobalSection(ExtensibilityGlobals) = postSolution
		SolutionGuid = {F7433D6D-7CA6-45CB-9EA0-D328292F6E4C}
	EndGlobalSection
EndGlobal
